
Microsoft Visual Studio Solution File, Format Version 12.00
# Visual Studio 15
VisualStudioVersion = 15.0.27428.2005
MinimumVisualStudioVersion = 10.0.40219.1
Project("{2150E333-8FDC-42A3-9474-1A3956D46DE8}") = "02 OWIN_pipeline_playground", "02 OWIN_pipeline_playground", "{A27C1194-5071-42C0-B0A4-7498406F7D48}"
EndProject
Project("{FAE04EC0-301F-11D3-BF4B-00C04F79EFBC}") = "OAuthBasedAuthentication", "OwinSimpleCookieAuth\OAuthBasedAuthentication.csproj", "{5786AAB7-8A32-44B4-8DB5-05529A4414F7}"
EndProject
Project("{FAE04EC0-301F-11D3-BF4B-00C04F79EFBC}") = "IIS", "OWIN_pipeline_playground\IIS\IIS.csproj", "{42F0BD20-D3CB-42DC-823C-3FA69CE0704C}"
EndProject
Project("{FAE04EC0-301F-11D3-BF4B-00C04F79EFBC}") = "Pipelines", "OWIN_pipeline_playground\Pipelines\Pipelines.csproj", "{47FE3B58-569F-4FF9-882D-0079312D3418}"
EndProject
Project("{FAE04EC0-301F-11D3-BF4B-00C04F79EFBC}") = "SelfHost", "OWIN_pipeline_playground\SelfHost\SelfHost.csproj", "{0262698A-C32F-493F-8005-13603A2B2B37}"
EndProject
Project("{2150E333-8FDC-42A3-9474-1A3956D46DE8}") = "01 IISandASP.NET", "01 IISandASP.NET", "{E1A3606B-44C7-4107-AB82-F149ECFF47F4}"
EndProject
Project("{FAE04EC0-301F-11D3-BF4B-00C04F79EFBC}") = "IISModulesAndHandlers", "ModulesAndHandlers\IISModulesAndHandlers.csproj", "{30A66B5A-59FB-4540-A3B4-E8A00457EF8F}"
EndProject
Project("{2150E333-8FDC-42A3-9474-1A3956D46DE8}") = "03 Katana Authentication Middlewares", "03 Katana Authentication Middlewares", "{A5EC1CE4-8B70-42CD-BD84-B770812AAD8B}"
EndProject
Project("{2150E333-8FDC-42A3-9474-1A3956D46DE8}") = "04 Oauth2.0", "04 Oauth2.0", "{246CBD5C-AD55-4146-A35F-17F4820C0617}"
EndProject
Project("{FAE04EC0-301F-11D3-BF4B-00C04F79EFBC}") = "CookieAuthenticationMiddleware", "CookieAuthenticationMiddleware\CookieAuthenticationMiddleware.csproj", "{26EAB780-A2BA-42F5-B1C7-25E3B4818B95}"
EndProject
Project("{2150E333-8FDC-42A3-9474-1A3956D46DE8}") = "05 IdentityServer3", "05 IdentityServer3", "{F355872F-365A-4DBC-A479-22793D97B74C}"
EndProject
Project("{FAE04EC0-301F-11D3-BF4B-00C04F79EFBC}") = "IdentityServer3Demo", "IdentityServer3Demo\IdentityServer3Demo.csproj", "{9C059BBC-C959-460B-803D-39F616374201}"
EndProject
Project("{FAE04EC0-301F-11D3-BF4B-00C04F79EFBC}") = "WebApi", "WebApi\WebApi.csproj", "{48987F0D-DA4B-4231-87D2-D0DB89A8276F}"
EndProject
Global
	GlobalSection(SolutionConfigurationPlatforms) = preSolution
		Debug|Any CPU = Debug|Any CPU
		Release|Any CPU = Release|Any CPU
	EndGlobalSection
	GlobalSection(ProjectConfigurationPlatforms) = postSolution
		{5786AAB7-8A32-44B4-8DB5-05529A4414F7}.Debug|Any CPU.ActiveCfg = Debug|Any CPU
		{5786AAB7-8A32-44B4-8DB5-05529A4414F7}.Debug|Any CPU.Build.0 = Debug|Any CPU
		{5786AAB7-8A32-44B4-8DB5-05529A4414F7}.Release|Any CPU.ActiveCfg = Release|Any CPU
		{5786AAB7-8A32-44B4-8DB5-05529A4414F7}.Release|Any CPU.Build.0 = Release|Any CPU
		{42F0BD20-D3CB-42DC-823C-3FA69CE0704C}.Debug|Any CPU.ActiveCfg = Debug|Any CPU
		{42F0BD20-D3CB-42DC-823C-3FA69CE0704C}.Debug|Any CPU.Build.0 = Debug|Any CPU
		{42F0BD20-D3CB-42DC-823C-3FA69CE0704C}.Release|Any CPU.ActiveCfg = Release|Any CPU
		{42F0BD20-D3CB-42DC-823C-3FA69CE0704C}.Release|Any CPU.Build.0 = Release|Any CPU
		{47FE3B58-569F-4FF9-882D-0079312D3418}.Debug|Any CPU.ActiveCfg = Debug|Any CPU
		{47FE3B58-569F-4FF9-882D-0079312D3418}.Debug|Any CPU.Build.0 = Debug|Any CPU
		{47FE3B58-569F-4FF9-882D-0079312D3418}.Release|Any CPU.ActiveCfg = Release|Any CPU
		{47FE3B58-569F-4FF9-882D-0079312D3418}.Release|Any CPU.Build.0 = Release|Any CPU
		{0262698A-C32F-493F-8005-13603A2B2B37}.Debug|Any CPU.ActiveCfg = Debug|Any CPU
		{0262698A-C32F-493F-8005-13603A2B2B37}.Debug|Any CPU.Build.0 = Debug|Any CPU
		{0262698A-C32F-493F-8005-13603A2B2B37}.Release|Any CPU.ActiveCfg = Release|Any CPU
		{0262698A-C32F-493F-8005-13603A2B2B37}.Release|Any CPU.Build.0 = Release|Any CPU
		{30A66B5A-59FB-4540-A3B4-E8A00457EF8F}.Debug|Any CPU.ActiveCfg = Debug|Any CPU
		{30A66B5A-59FB-4540-A3B4-E8A00457EF8F}.Debug|Any CPU.Build.0 = Debug|Any CPU
		{30A66B5A-59FB-4540-A3B4-E8A00457EF8F}.Release|Any CPU.ActiveCfg = Release|Any CPU
		{30A66B5A-59FB-4540-A3B4-E8A00457EF8F}.Release|Any CPU.Build.0 = Release|Any CPU
		{26EAB780-A2BA-42F5-B1C7-25E3B4818B95}.Debug|Any CPU.ActiveCfg = Debug|Any CPU
		{26EAB780-A2BA-42F5-B1C7-25E3B4818B95}.Debug|Any CPU.Build.0 = Debug|Any CPU
		{26EAB780-A2BA-42F5-B1C7-25E3B4818B95}.Release|Any CPU.ActiveCfg = Release|Any CPU
		{26EAB780-A2BA-42F5-B1C7-25E3B4818B95}.Release|Any CPU.Build.0 = Release|Any CPU
		{9C059BBC-C959-460B-803D-39F616374201}.Debug|Any CPU.ActiveCfg = Debug|Any CPU
		{9C059BBC-C959-460B-803D-39F616374201}.Debug|Any CPU.Build.0 = Debug|Any CPU
		{9C059BBC-C959-460B-803D-39F616374201}.Release|Any CPU.ActiveCfg = Release|Any CPU
		{9C059BBC-C959-460B-803D-39F616374201}.Release|Any CPU.Build.0 = Release|Any CPU
		{48987F0D-DA4B-4231-87D2-D0DB89A8276F}.Debug|Any CPU.ActiveCfg = Debug|Any CPU
		{48987F0D-DA4B-4231-87D2-D0DB89A8276F}.Debug|Any CPU.Build.0 = Debug|Any CPU
		{48987F0D-DA4B-4231-87D2-D0DB89A8276F}.Release|Any CPU.ActiveCfg = Release|Any CPU
		{48987F0D-DA4B-4231-87D2-D0DB89A8276F}.Release|Any CPU.Build.0 = Release|Any CPU
	EndGlobalSection
	GlobalSection(SolutionProperties) = preSolution
		HideSolutionNode = FALSE
	EndGlobalSection
	GlobalSection(NestedProjects) = preSolution
		{5786AAB7-8A32-44B4-8DB5-05529A4414F7} = {246CBD5C-AD55-4146-A35F-17F4820C0617}
		{42F0BD20-D3CB-42DC-823C-3FA69CE0704C} = {A27C1194-5071-42C0-B0A4-7498406F7D48}
		{47FE3B58-569F-4FF9-882D-0079312D3418} = {A27C1194-5071-42C0-B0A4-7498406F7D48}
		{0262698A-C32F-493F-8005-13603A2B2B37} = {A27C1194-5071-42C0-B0A4-7498406F7D48}
		{30A66B5A-59FB-4540-A3B4-E8A00457EF8F} = {E1A3606B-44C7-4107-AB82-F149ECFF47F4}
		{26EAB780-A2BA-42F5-B1C7-25E3B4818B95} = {A5EC1CE4-8B70-42CD-BD84-B770812AAD8B}
		{9C059BBC-C959-460B-803D-39F616374201} = {F355872F-365A-4DBC-A479-22793D97B74C}
		{48987F0D-DA4B-4231-87D2-D0DB89A8276F} = {F355872F-365A-4DBC-A479-22793D97B74C}
	EndGlobalSection
	GlobalSection(ExtensibilityGlobals) = postSolution
		SolutionGuid = {27C8440F-5172-46C9-8742-AB9C8582931C}
	EndGlobalSection
EndGlobal
